// !$*UTF8*$!
{
	archiveVersion = 1;
	classes = {
	};
	objectVersion = 60;
	objects = {

/* Begin PBXBuildFile section */
		0029909A2CE5384200702695 /* DetailViewController.swift in Sources */ = {isa = PBXBuildFile; fileRef = 002990992CE5384200702695 /* DetailViewController.swift */; };
		0033FC3D2CE504CD00BACFFA /* AppDelegate.swift in Sources */ = {isa = PBXBuildFile; fileRef = 0033FC3C2CE504CD00BACFFA /* AppDelegate.swift */; };
		0033FC3F2CE504CD00BACFFA /* SceneDelegate.swift in Sources */ = {isa = PBXBuildFile; fileRef = 0033FC3E2CE504CD00BACFFA /* SceneDelegate.swift */; };
		0033FC412CE504CD00BACFFA /* ViewController.swift in Sources */ = {isa = PBXBuildFile; fileRef = 0033FC402CE504CD00BACFFA /* ViewController.swift */; };
		0033FC442CE504CD00BACFFA /* Base in Resources */ = {isa = PBXBuildFile; fileRef = 0033FC432CE504CD00BACFFA /* Base */; };
		0033FC462CE504CE00BACFFA /* Assets.xcassets in Resources */ = {isa = PBXBuildFile; fileRef = 0033FC452CE504CE00BACFFA /* Assets.xcassets */; };
		0033FC492CE504CE00BACFFA /* Base in Resources */ = {isa = PBXBuildFile; fileRef = 0033FC482CE504CE00BACFFA /* Base */; };
		0033FC522CE5091B00BACFFA /* MyCollectionViewCell.xib in Resources */ = {isa = PBXBuildFile; fileRef = 0033FC512CE5091B00BACFFA /* MyCollectionViewCell.xib */; };
		0033FC532CE5091B00BACFFA /* MyCollectionViewCell.swift in Sources */ = {isa = PBXBuildFile; fileRef = 0033FC502CE5091B00BACFFA /* MyCollectionViewCell.swift */; };
		0033FC562CE519E700BACFFA /* ItuneModel.swift in Sources */ = {isa = PBXBuildFile; fileRef = 0033FC552CE519E700BACFFA /* ItuneModel.swift */; };
		0033FC582CE51B4400BACFFA /* GetItuneAPI.swift in Sources */ = {isa = PBXBuildFile; fileRef = 0033FC572CE51B4400BACFFA /* GetItuneAPI.swift */; };
		E5F3C328806C4278D6E30491 /* Pods_DemoItunes.framework in Frameworks */ = {isa = PBXBuildFile; fileRef = F07EB476F68A09BF96456962 /* Pods_DemoItunes.framework */; };
/* End PBXBuildFile section */

/* Begin PBXFileReference section */
		002990992CE5384200702695 /* DetailViewController.swift */ = {isa = PBXFileReference; lastKnownFileType = sourcecode.swift; path = DetailViewController.swift; sourceTree = "<group>"; };
		0033FC392CE504CD00BACFFA /* DemoItunes.app */ = {isa = PBXFileReference; explicitFileType = wrapper.application; includeInIndex = 0; name = DemoItunes.app; path = "../../../../../../../../Desktop/Học Tập/Back End/Swift/Swift/TechDemo/DemoItunes/DemoItunes/DemoItunes.app"; sourceTree = BUILT_PRODUCTS_DIR; };
		0033FC3C2CE504CD00BACFFA /* AppDelegate.swift */ = {isa = PBXFileReference; lastKnownFileType = sourcecode.swift; path = AppDelegate.swift; sourceTree = "<group>"; };
		0033FC3E2CE504CD00BACFFA /* SceneDelegate.swift */ = {isa = PBXFileReference; lastKnownFileType = sourcecode.swift; path = SceneDelegate.swift; sourceTree = "<group>"; };
		0033FC402CE504CD00BACFFA /* ViewController.swift */ = {isa = PBXFileReference; lastKnownFileType = sourcecode.swift; path = ViewController.swift; sourceTree = "<group>"; };
		0033FC432CE504CD00BACFFA /* Base */ = {isa = PBXFileReference; lastKnownFileType = file.storyboard; name = Base; path = Base.lproj/Main.storyboard; sourceTree = "<group>"; };
		0033FC452CE504CE00BACFFA /* Assets.xcassets */ = {isa = PBXFileReference; lastKnownFileType = folder.assetcatalog; path = Assets.xcassets; sourceTree = "<group>"; };
		0033FC482CE504CE00BACFFA /* Base */ = {isa = PBXFileReference; lastKnownFileType = file.storyboard; name = Base; path = Base.lproj/LaunchScreen.storyboard; sourceTree = "<group>"; };
		0033FC4A2CE504CE00BACFFA /* Info.plist */ = {isa = PBXFileReference; lastKnownFileType = text.plist.xml; path = Info.plist; sourceTree = "<group>"; };
		0033FC502CE5091B00BACFFA /* MyCollectionViewCell.swift */ = {isa = PBXFileReference; lastKnownFileType = sourcecode.swift; path = MyCollectionViewCell.swift; sourceTree = "<group>"; };
		0033FC512CE5091B00BACFFA /* MyCollectionViewCell.xib */ = {isa = PBXFileReference; lastKnownFileType = file.xib; path = MyCollectionViewCell.xib; sourceTree = "<group>"; };
		0033FC552CE519E700BACFFA /* ItuneModel.swift */ = {isa = PBXFileReference; lastKnownFileType = sourcecode.swift; path = ItuneModel.swift; sourceTree = "<group>"; };
		0033FC572CE51B4400BACFFA /* GetItuneAPI.swift */ = {isa = PBXFileReference; lastKnownFileType = sourcecode.swift; path = GetItuneAPI.swift; sourceTree = "<group>"; };
		E79DCE54D7601DEE5F2E4456 /* Pods-DemoItunes.debug.xcconfig */ = {isa = PBXFileReference; includeInIndex = 1; lastKnownFileType = text.xcconfig; name = "Pods-DemoItunes.debug.xcconfig"; path = "Target Support Files/Pods-DemoItunes/Pods-DemoItunes.debug.xcconfig"; sourceTree = "<group>"; };
		EA2D0AB097D90553BAF08712 /* Pods-DemoItunes.release.xcconfig */ = {isa = PBXFileReference; includeInIndex = 1; lastKnownFileType = text.xcconfig; name = "Pods-DemoItunes.release.xcconfig"; path = "Target Support Files/Pods-DemoItunes/Pods-DemoItunes.release.xcconfig"; sourceTree = "<group>"; };
		F07EB476F68A09BF96456962 /* Pods_DemoItunes.framework */ = {isa = PBXFileReference; explicitFileType = wrapper.framework; includeInIndex = 0; path = Pods_DemoItunes.framework; sourceTree = BUILT_PRODUCTS_DIR; };
/* End PBXFileReference section */

/* Begin PBXFrameworksBuildPhase section */
		0033FC362CE504CD00BACFFA /* Frameworks */ = {
			isa = PBXFrameworksBuildPhase;
			buildActionMask = 2147483647;
			files = (
				E5F3C328806C4278D6E30491 /* Pods_DemoItunes.framework in Frameworks */,
			);
			runOnlyForDeploymentPostprocessing = 0;
		};
/* End PBXFrameworksBuildPhase section */

/* Begin PBXGroup section */
		002990942CE535C200702695 /* Delegate */ = {
			isa = PBXGroup;
			children = (
				0033FC3C2CE504CD00BACFFA /* AppDelegate.swift */,
				0033FC3E2CE504CD00BACFFA /* SceneDelegate.swift */,
			);
			path = Delegate;
			sourceTree = "<group>";
		};
		002990952CE535DF00702695 /* Views */ = {
			isa = PBXGroup;
			children = (
				0033FC502CE5091B00BACFFA /* MyCollectionViewCell.swift */,
				0033FC512CE5091B00BACFFA /* MyCollectionViewCell.xib */,
				0033FC422CE504CD00BACFFA /* Main.storyboard */,
				0033FC472CE504CE00BACFFA /* LaunchScreen.storyboard */,
			);
			path = Views;
			sourceTree = "<group>";
		};
		002990962CE535EB00702695 /* Models */ = {
			isa = PBXGroup;
			children = (
				0033FC552CE519E700BACFFA /* ItuneModel.swift */,
			);
			path = Models;
			sourceTree = "<group>";
		};
		002990972CE5365200702695 /* Manager */ = {
			isa = PBXGroup;
			children = (
				0033FC572CE51B4400BACFFA /* GetItuneAPI.swift */,
			);
			path = Manager;
			sourceTree = "<group>";
		};
		002990982CE5367400702695 /* Controllers */ = {
			isa = PBXGroup;
			children = (
				0033FC402CE504CD00BACFFA /* ViewController.swift */,
				002990992CE5384200702695 /* DetailViewController.swift */,
			);
			path = Controllers;
			sourceTree = "<group>";
		};
		0033FC302CE504CD00BACFFA = {
			isa = PBXGroup;
			children = (
				0033FC3B2CE504CD00BACFFA /* DemoItunes */,
				CF3084DBEF59FA3B015BD95A /* Pods */,
				BCD402AAA03C0EB78E087BF2 /* Frameworks */,
			);
			sourceTree = "<group>";
		};
		0033FC3A2CE504CD00BACFFA /* Products */ = {
			isa = PBXGroup;
			children = (
				0033FC392CE504CD00BACFFA /* DemoItunes.app */,
			);
			name = Products;
			sourceTree = "<group>";
		};
		0033FC3B2CE504CD00BACFFA /* DemoItunes */ = {
			isa = PBXGroup;
			children = (
				002990972CE5365200702695 /* Manager */,
				002990942CE535C200702695 /* Delegate */,
				002990982CE5367400702695 /* Controllers */,
				002990962CE535EB00702695 /* Models */,
				002990952CE535DF00702695 /* Views */,
				0033FC452CE504CE00BACFFA /* Assets.xcassets */,
				0033FC4A2CE504CE00BACFFA /* Info.plist */,
				0033FC3A2CE504CD00BACFFA /* Products */,
			);
			path = DemoItunes;
			sourceTree = "<group>";
		};
		BCD402AAA03C0EB78E087BF2 /* Frameworks */ = {
			isa = PBXGroup;
			children = (
				F07EB476F68A09BF96456962 /* Pods_DemoItunes.framework */,
			);
			name = Frameworks;
			sourceTree = "<group>";
		};
		CF3084DBEF59FA3B015BD95A /* Pods */ = {
			isa = PBXGroup;
			children = (
				E79DCE54D7601DEE5F2E4456 /* Pods-DemoItunes.debug.xcconfig */,
				EA2D0AB097D90553BAF08712 /* Pods-DemoItunes.release.xcconfig */,
			);
			path = Pods;
			sourceTree = "<group>";
		};
/* End PBXGroup section */

/* Begin PBXNativeTarget section */
		0033FC382CE504CD00BACFFA /* DemoItunes */ = {
			isa = PBXNativeTarget;
			buildConfigurationList = 0033FC4D2CE504CE00BACFFA /* Build configuration list for PBXNativeTarget "DemoItunes" */;
			buildPhases = (
				98917CB5BB425979CBD48204 /* [CP] Check Pods Manifest.lock */,
				0033FC352CE504CD00BACFFA /* Sources */,
				0033FC362CE504CD00BACFFA /* Frameworks */,
				0033FC372CE504CD00BACFFA /* Resources */,
				94E90E057EED3596ABD586F7 /* [CP] Embed Pods Frameworks */,
			);
			buildRules = (
			);
			dependencies = (
			);
			name = DemoItunes;
			productName = DemoItunes;
			productReference = 0033FC392CE504CD00BACFFA /* DemoItunes.app */;
			productType = "com.apple.product-type.application";
		};
/* End PBXNativeTarget section */

/* Begin PBXProject section */
		0033FC312CE504CD00BACFFA /* Project object */ = {
			isa = PBXProject;
			attributes = {
				BuildIndependentTargetsInParallel = 1;
				LastSwiftUpdateCheck = 1600;
				LastUpgradeCheck = 1600;
				TargetAttributes = {
					0033FC382CE504CD00BACFFA = {
						CreatedOnToolsVersion = 16.0;
					};
				};
			};
			buildConfigurationList = 0033FC342CE504CD00BACFFA /* Build configuration list for PBXProject "DemoItunes" */;
			compatibilityVersion = "Xcode 15.0";
			developmentRegion = en;
			hasScannedForEncodings = 0;
			knownRegions = (
				en,
				Base,
			);
			mainGroup = 0033FC302CE504CD00BACFFA;
			productRefGroup = 0033FC3A2CE504CD00BACFFA /* Products */;
			projectDirPath = "";
			projectRoot = "";
			targets = (
				0033FC382CE504CD00BACFFA /* DemoItunes */,
			);
		};
/* End PBXProject section */

/* Begin PBXResourcesBuildPhase section */
		0033FC372CE504CD00BACFFA /* Resources */ = {
			isa = PBXResourcesBuildPhase;
			buildActionMask = 2147483647;
			files = (
				0033FC462CE504CE00BACFFA /* Assets.xcassets in Resources */,
				0033FC492CE504CE00BACFFA /* Base in Resources */,
				0033FC522CE5091B00BACFFA /* MyCollectionViewCell.xib in Resources */,
				0033FC442CE504CD00BACFFA /* Base in Resources */,
			);
			runOnlyForDeploymentPostprocessing = 0;
		};
/* End PBXResourcesBuildPhase section */

/* Begin PBXShellScriptBuildPhase section */
		94E90E057EED3596ABD586F7 /* [CP] Embed Pods Frameworks */ = {
			isa = PBXShellScriptBuildPhase;
			buildActionMask = 2147483647;
			files = (
			);
			inputFileListPaths = (
				"${PODS_ROOT}/Target Support Files/Pods-DemoItunes/Pods-DemoItunes-frameworks-${CONFIGURATION}-input-files.xcfilelist",
			);
			name = "[CP] Embed Pods Frameworks";
			outputFileListPaths = (
				"${PODS_ROOT}/Target Support Files/Pods-DemoItunes/Pods-DemoItunes-frameworks-${CONFIGURATION}-output-files.xcfilelist",
			);
			runOnlyForDeploymentPostprocessing = 0;
			shellPath = /bin/sh;
			shellScript = "\"${PODS_ROOT}/Target Support Files/Pods-DemoItunes/Pods-DemoItunes-frameworks.sh\"\n";
			showEnvVarsInLog = 0;
		};
		98917CB5BB425979CBD48204 /* [CP] Check Pods Manifest.lock */ = {
			isa = PBXShellScriptBuildPhase;
			buildActionMask = 2147483647;
			files = (
			);
			inputFileListPaths = (
			);
			inputPaths = (
				"${PODS_PODFILE_DIR_PATH}/Podfile.lock",
				"${PODS_ROOT}/Manifest.lock",
			);
			name = "[CP] Check Pods Manifest.lock";
			outputFileListPaths = (
			);
			outputPaths = (
				"$(DERIVED_FILE_DIR)/Pods-DemoItunes-checkManifestLockResult.txt",
			);
			runOnlyForDeploymentPostprocessing = 0;
			shellPath = /bin/sh;
			shellScript = "diff \"${PODS_PODFILE_DIR_PATH}/Podfile.lock\" \"${PODS_ROOT}/Manifest.lock\" > /dev/null\nif [ $? != 0 ] ; then\n    # print error to STDERR\n    echo \"error: The sandbox is not in sync with the Podfile.lock. Run 'pod install' or update your CocoaPods installation.\" >&2\n    exit 1\nfi\n# This output is used by Xcode 'outputs' to avoid re-running this script phase.\necho \"SUCCESS\" > \"${SCRIPT_OUTPUT_FILE_0}\"\n";
			showEnvVarsInLog = 0;
		};
/* End PBXShellScriptBuildPhase section */

/* Begin PBXSourcesBuildPhase section */
		0033FC352CE504CD00BACFFA /* Sources */ = {
			isa = PBXSourcesBuildPhase;
			buildActionMask = 2147483647;
			files = (
				0033FC562CE519E700BACFFA /* ItuneModel.swift in Sources */,
				0033FC412CE504CD00BACFFA /* ViewController.swift in Sources */,
				0033FC3D2CE504CD00BACFFA /* AppDelegate.swift in Sources */,
				0033FC532CE5091B00BACFFA /* MyCollectionViewCell.swift in Sources */,
				0033FC3F2CE504CD00BACFFA /* SceneDelegate.swift in Sources */,
				0033FC582CE51B4400BACFFA /* GetItuneAPI.swift in Sources */,
				0029909A2CE5384200702695 /* DetailViewController.swift in Sources */,
			);
			runOnlyForDeploymentPostprocessing = 0;
		};
/* End PBXSourcesBuildPhase section */

/* Begin PBXVariantGroup section */
		0033FC422CE504CD00BACFFA /* Main.storyboard */ = {
			isa = PBXVariantGroup;
			children = (
				0033FC432CE504CD00BACFFA /* Base */,
			);
			name = Main.storyboard;
			sourceTree = "<group>";
		};
		0033FC472CE504CE00BACFFA /* LaunchScreen.storyboard */ = {
			isa = PBXVariantGroup;
			children = (
				0033FC482CE504CE00BACFFA /* Base */,
			);
			name = LaunchScreen.storyboard;
			sourceTree = "<group>";
		};
/* End PBXVariantGroup section */

/* Begin XCBuildConfiguration section */
		0033FC4B2CE504CE00BACFFA /* Debug */ = {
			isa = XCBuildConfiguration;
			buildSettings = {
				ALWAYS_SEARCH_USER_PATHS = NO;
				ASSETCATALOG_COMPILER_GENERATE_SWIFT_ASSET_SYMBOL_EXTENSIONS = YES;
				CLANG_ANALYZER_NONNULL = YES;
				CLANG_ANALYZER_NUMBER_OBJECT_CONVERSION = YES_AGGRESSIVE;
				CLANG_CXX_LANGUAGE_STANDARD = "gnu++20";
				CLANG_ENABLE_MODULES = YES;
				CLANG_ENABLE_OBJC_ARC = YES;
				CLANG_ENABLE_OBJC_WEAK = YES;
				CLANG_WARN_BLOCK_CAPTURE_AUTORELEASING = YES;
				CLANG_WARN_BOOL_CONVERSION = YES;
				CLANG_WARN_COMMA = YES;
				CLANG_WARN_CONSTANT_CONVERSION = YES;
				CLANG_WARN_DEPRECATED_OBJC_IMPLEMENTATIONS = YES;
				CLANG_WARN_DIRECT_OBJC_ISA_USAGE = YES_ERROR;
				CLANG_WARN_DOCUMENTATION_COMMENTS = YES;
				CLANG_WARN_EMPTY_BODY = YES;
				CLANG_WARN_ENUM_CONVERSION = YES;
				CLANG_WARN_INFINITE_RECURSION = YES;
				CLANG_WARN_INT_CONVERSION = YES;
				CLANG_WARN_NON_LITERAL_NULL_CONVERSION = YES;
				CLANG_WARN_OBJC_IMPLICIT_RETAIN_SELF = YES;
				CLANG_WARN_OBJC_LITERAL_CONVERSION = YES;
				CLANG_WARN_OBJC_ROOT_CLASS = YES_ERROR;
				CLANG_WARN_QUOTED_INCLUDE_IN_FRAMEWORK_HEADER = YES;
				CLANG_WARN_RANGE_LOOP_ANALYSIS = YES;
				CLANG_WARN_STRICT_PROTOTYPES = YES;
				CLANG_WARN_SUSPICIOUS_MOVE = YES;
				CLANG_WARN_UNGUARDED_AVAILABILITY = YES_AGGRESSIVE;
				CLANG_WARN_UNREACHABLE_CODE = YES;
				CLANG_WARN__DUPLICATE_METHOD_MATCH = YES;
				COPY_PHASE_STRIP = NO;
				DEBUG_INFORMATION_FORMAT = dwarf;
				ENABLE_STRICT_OBJC_MSGSEND = YES;
				ENABLE_TESTABILITY = YES;
				ENABLE_USER_SCRIPT_SANDBOXING = YES;
				GCC_C_LANGUAGE_STANDARD = gnu17;
				GCC_DYNAMIC_NO_PIC = NO;
				GCC_NO_COMMON_BLOCKS = YES;
				GCC_OPTIMIZATION_LEVEL = 0;
				GCC_PREPROCESSOR_DEFINITIONS = (
					"DEBUG=1",
					"$(inherited)",
				);
				GCC_WARN_64_TO_32_BIT_CONVERSION = YES;
				GCC_WARN_ABOUT_RETURN_TYPE = YES_ERROR;
				GCC_WARN_UNDECLARED_SELECTOR = YES;
				GCC_WARN_UNINITIALIZED_AUTOS = YES_AGGRESSIVE;
				GCC_WARN_UNUSED_FUNCTION = YES;
				GCC_WARN_UNUSED_VARIABLE = YES;
				IPHONEOS_DEPLOYMENT_TARGET = 18.0;
				LOCALIZATION_PREFERS_STRING_CATALOGS = YES;
				MTL_ENABLE_DEBUG_INFO = INCLUDE_SOURCE;
				MTL_FAST_MATH = YES;
				ONLY_ACTIVE_ARCH = YES;
				SDKROOT = iphoneos;
				SWIFT_ACTIVE_COMPILATION_CONDITIONS = "DEBUG $(inherited)";
				SWIFT_OPTIMIZATION_LEVEL = "-Onone";
			};
			name = Debug;
		};
		0033FC4C2CE504CE00BACFFA /* Release */ = {
			isa = XCBuildConfiguration;
			buildSettings = {
				ALWAYS_SEARCH_USER_PATHS = NO;
				ASSETCATALOG_COMPILER_GENERATE_SWIFT_ASSET_SYMBOL_EXTENSIONS = YES;
				CLANG_ANALYZER_NONNULL = YES;
				CLANG_ANALYZER_NUMBER_OBJECT_CONVERSION = YES_AGGRESSIVE;
				CLANG_CXX_LANGUAGE_STANDARD = "gnu++20";
				CLANG_ENABLE_MODULES = YES;
				CLANG_ENABLE_OBJC_ARC = YES;
				CLANG_ENABLE_OBJC_WEAK = YES;
				CLANG_WARN_BLOCK_CAPTURE_AUTORELEASING = YES;
				CLANG_WARN_BOOL_CONVERSION = YES;
				CLANG_WARN_COMMA = YES;
				CLANG_WARN_CONSTANT_CONVERSION = YES;
				CLANG_WARN_DEPRECATED_OBJC_IMPLEMENTATIONS = YES;
				CLANG_WARN_DIRECT_OBJC_ISA_USAGE = YES_ERROR;
				CLANG_WARN_DOCUMENTATION_COMMENTS = YES;
				CLANG_WARN_EMPTY_BODY = YES;
				CLANG_WARN_ENUM_CONVERSION = YES;
				CLANG_WARN_INFINITE_RECURSION = YES;
				CLANG_WARN_INT_CONVERSION = YES;
				CLANG_WARN_NON_LITERAL_NULL_CONVERSION = YES;
				CLANG_WARN_OBJC_IMPLICIT_RETAIN_SELF = YES;
				CLANG_WARN_OBJC_LITERAL_CONVERSION = YES;
				CLANG_WARN_OBJC_ROOT_CLASS = YES_ERROR;
				CLANG_WARN_QUOTED_INCLUDE_IN_FRAMEWORK_HEADER = YES;
				CLANG_WARN_RANGE_LOOP_ANALYSIS = YES;
				CLANG_WARN_STRICT_PROTOTYPES = YES;
				CLANG_WARN_SUSPICIOUS_MOVE = YES;
				CLANG_WARN_UNGUARDED_AVAILABILITY = YES_AGGRESSIVE;
				CLANG_WARN_UNREACHABLE_CODE = YES;
				CLANG_WARN__DUPLICATE_METHOD_MATCH = YES;
				COPY_PHASE_STRIP = NO;
				DEBUG_INFORMATION_FORMAT = "dwarf-with-dsym";
				ENABLE_NS_ASSERTIONS = NO;
				ENABLE_STRICT_OBJC_MSGSEND = YES;
				ENABLE_USER_SCRIPT_SANDBOXING = YES;
				GCC_C_LANGUAGE_STANDARD = gnu17;
				GCC_NO_COMMON_BLOCKS = YES;
				GCC_WARN_64_TO_32_BIT_CONVERSION = YES;
				GCC_WARN_ABOUT_RETURN_TYPE = YES_ERROR;
				GCC_WARN_UNDECLARED_SELECTOR = YES;
				GCC_WARN_UNINITIALIZED_AUTOS = YES_AGGRESSIVE;
				GCC_WARN_UNUSED_FUNCTION = YES;
				GCC_WARN_UNUSED_VARIABLE = YES;
				IPHONEOS_DEPLOYMENT_TARGET = 18.0;
				LOCALIZATION_PREFERS_STRING_CATALOGS = YES;
				MTL_ENABLE_DEBUG_INFO = NO;
				MTL_FAST_MATH = YES;
				SDKROOT = iphoneos;
				SWIFT_COMPILATION_MODE = wholemodule;
				VALIDATE_PRODUCT = YES;
			};
			name = Release;
		};
		0033FC4E2CE504CE00BACFFA /* Debug */ = {
			isa = XCBuildConfiguration;
			baseConfigurationReference = E79DCE54D7601DEE5F2E4456 /* Pods-DemoItunes.debug.xcconfig */;
			buildSettings = {
				ASSETCATALOG_COMPILER_APPICON_NAME = AppIcon;
				ASSETCATALOG_COMPILER_GLOBAL_ACCENT_COLOR_NAME = AccentColor;
				CODE_SIGN_STYLE = Automatic;
				CURRENT_PROJECT_VERSION = 1;
				DEVELOPMENT_TEAM = 438RLR53H4;
				ENABLE_USER_SCRIPT_SANDBOXING = NO;
				GENERATE_INFOPLIST_FILE = YES;
				INFOPLIST_FILE = DemoItunes/Info.plist;
				INFOPLIST_KEY_UIApplicationSupportsIndirectInputEvents = YES;
				INFOPLIST_KEY_UILaunchStoryboardName = LaunchScreen;
				INFOPLIST_KEY_UIMainStoryboardFile = Main;
				INFOPLIST_KEY_UISupportedInterfaceOrientations_iPad = "UIInterfaceOrientationPortrait UIInterfaceOrientationPortraitUpsideDown UIInterfaceOrientationLandscapeLeft UIInterfaceOrientationLandscapeRight";
				INFOPLIST_KEY_UISupportedInterfaceOrientations_iPhone = "UIInterfaceOrientationPortrait UIInterfaceOrientationLandscapeLeft UIInterfaceOrientationLandscapeRight";
				LD_RUNPATH_SEARCH_PATHS = (
					"$(inherited)",
					"@executable_path/Frameworks",
				);
				MARKETING_VERSION = 1.0;
				PRODUCT_BUNDLE_IDENTIFIER = com.nguyenlehieu.DemoItunes;
				PRODUCT_NAME = "$(TARGET_NAME)";
				SWIFT_EMIT_LOC_STRINGS = YES;
				SWIFT_VERSION = 5.0;
				TARGETED_DEVICE_FAMILY = "1,2";
			};
			name = Debug;
		};
		0033FC4F2CE504CE00BACFFA /* Release */ = {
			isa = XCBuildConfiguration;
			baseConfigurationReference = EA2D0AB097D90553BAF08712 /* Pods-DemoItunes.release.xcconfig */;
			buildSettings = {
				ASSETCATALOG_COMPILER_APPICON_NAME = AppIcon;
				ASSETCATALOG_COMPILER_GLOBAL_ACCENT_COLOR_NAME = AccentColor;
				CODE_SIGN_STYLE = Automatic;
				CURRENT_PROJECT_VERSION = 1;
				DEVELOPMENT_TEAM = 438RLR53H4;
				ENABLE_USER_SCRIPT_SANDBOXING = NO;
				GENERATE_INFOPLIST_FILE = YES;
				INFOPLIST_FILE = DemoItunes/Info.plist;
				INFOPLIST_KEY_UIApplicationSupportsIndirectInputEvents = YES;
				INFOPLIST_KEY_UILaunchStoryboardName = LaunchScreen;
				INFOPLIST_KEY_UIMainStoryboardFile = Main;
				INFOPLIST_KEY_UISupportedInterfaceOrientations_iPad = "UIInterfaceOrientationPortrait UIInterfaceOrientationPortraitUpsideDown UIInterfaceOrientationLandscapeLeft UIInterfaceOrientationLandscapeRight";
				INFOPLIST_KEY_UISupportedInterfaceOrientations_iPhone = "UIInterfaceOrientationPortrait UIInterfaceOrientationLandscapeLeft UIInterfaceOrientationLandscapeRight";
				LD_RUNPATH_SEARCH_PATHS = (
					"$(inherited)",
					"@executable_path/Frameworks",
				);
				MARKETING_VERSION = 1.0;
				PRODUCT_BUNDLE_IDENTIFIER = com.nguyenlehieu.DemoItunes;
				PRODUCT_NAME = "$(TARGET_NAME)";
				SWIFT_EMIT_LOC_STRINGS = YES;
				SWIFT_VERSION = 5.0;
				TARGETED_DEVICE_FAMILY = "1,2";
			};
			name = Release;
		};
/* End XCBuildConfiguration section */

/* Begin XCConfigurationList section */
		0033FC342CE504CD00BACFFA /* Build configuration list for PBXProject "DemoItunes" */ = {
			isa = XCConfigurationList;
			buildConfigurations = (
				0033FC4B2CE504CE00BACFFA /* Debug */,
				0033FC4C2CE504CE00BACFFA /* Release */,
			);
			defaultConfigurationIsVisible = 0;
			defaultConfigurationName = Release;
		};
		0033FC4D2CE504CE00BACFFA /* Build configuration list for PBXNativeTarget "DemoItunes" */ = {
			isa = XCConfigurationList;
			buildConfigurations = (
				0033FC4E2CE504CE00BACFFA /* Debug */,
				0033FC4F2CE504CE00BACFFA /* Release */,
			);
			defaultConfigurationIsVisible = 0;
			defaultConfigurationName = Release;
		};
/* End XCConfigurationList section */
	};
	rootObject = 0033FC312CE504CD00BACFFA /* Project object */;
}
